
Microsoft Visual Studio Solution File, Format Version 12.00
# Visual Studio Version 16
VisualStudioVersion = 16.0.32630.194
MinimumVisualStudioVersion = 10.0.40219.1
Project("{FAE04EC0-301F-11D3-BF4B-00C04F79EFBC}") = "menub", "menub\menub.csproj", "{07FE030A-E729-41EA-86B5-F71EB95D7335}"
EndProject
Global
	GlobalSection(SolutionConfigurationPlatforms) = preSolution
		Debug|Any CPU = Debug|Any CPU
		Release|Any CPU = Release|Any CPU
	EndGlobalSection
	GlobalSection(ProjectConfigurationPlatforms) = postSolution
		{07FE030A-E729-41EA-86B5-F71EB95D7335}.Debug|Any CPU.ActiveCfg = Debug|Any CPU
		{07FE030A-E729-41EA-86B5-F71EB95D7335}.Debug|Any CPU.Build.0 = Debug|Any CPU
		{07FE030A-E729-41EA-86B5-F71EB95D7335}.Release|Any CPU.ActiveCfg = Release|Any CPU
		{07FE030A-E729-41EA-86B5-F71EB95D7335}.Release|Any CPU.Build.0 = Release|Any CPU
	EndGlobalSection
	GlobalSection(SolutionProperties) = preSolution
		HideSolutionNode = FALSE
	EndGlobalSection
	GlobalSection(ExtensibilityGlobals) = postSolution
		SolutionGuid = {9AD35475-B621-45B2-9D83-8990762D40C5}
	EndGlobalSection
EndGlobal
